
Microsoft Visual Studio Solution File, Format Version 12.00
# Visual Studio Version 16
VisualStudioVersion = 16.0.31410.357
MinimumVisualStudioVersion = 10.0.40219.1
Project("{FAE04EC0-301F-11D3-BF4B-00C04F79EFBC}") = "NLog.HttpClient", "NLog.HttpClient\NLog.HttpClient.csproj", "{C41CC52C-A7FD-4BF8-92BB-88327EE7EAD9}"
EndProject
Project("{FAE04EC0-301F-11D3-BF4B-00C04F79EFBC}") = "NLog.HttpClient.Test", "NLog.HttpClient.Test\NLog.HttpClient.Test.csproj", "{EF0E667F-295E-4B40-B45C-A793220D4375}"
EndProject
Project("{9A19103F-16F7-4668-BE54-9A1E7A4F7556}") = "NLogHttpServer", "NLogHttpServer\NLogHttpServer.csproj", "{697AA458-3F70-4ED7-9DDC-BF75357FDF04}"
EndProject
Project("{FAE04EC0-301F-11D3-BF4B-00C04F79EFBC}") = "NLog.HttpClient.Abstract", "NLog.HttpClient.Abstract\NLog.HttpClient.Abstract.csproj", "{6EC0334C-C704-4265-A2E2-29A21FD1C6D3}"
EndProject
Project("{FAE04EC0-301F-11D3-BF4B-00C04F79EFBC}") = "NLog.HttpClient.NugetTest", "NLog.HttpClient.NugetTest\NLog.HttpClient.NugetTest.csproj", "{3566DE6E-08C0-4267-8ADC-4A68EC1A2C49}"
EndProject
Global
	GlobalSection(SolutionConfigurationPlatforms) = preSolution
		Debug|Any CPU = Debug|Any CPU
		Release|Any CPU = Release|Any CPU
	EndGlobalSection
	GlobalSection(ProjectConfigurationPlatforms) = postSolution
		{C41CC52C-A7FD-4BF8-92BB-88327EE7EAD9}.Debug|Any CPU.ActiveCfg = Debug|Any CPU
		{C41CC52C-A7FD-4BF8-92BB-88327EE7EAD9}.Debug|Any CPU.Build.0 = Debug|Any CPU
		{C41CC52C-A7FD-4BF8-92BB-88327EE7EAD9}.Release|Any CPU.ActiveCfg = Release|Any CPU
		{C41CC52C-A7FD-4BF8-92BB-88327EE7EAD9}.Release|Any CPU.Build.0 = Release|Any CPU
		{EF0E667F-295E-4B40-B45C-A793220D4375}.Debug|Any CPU.ActiveCfg = Debug|Any CPU
		{EF0E667F-295E-4B40-B45C-A793220D4375}.Debug|Any CPU.Build.0 = Debug|Any CPU
		{EF0E667F-295E-4B40-B45C-A793220D4375}.Release|Any CPU.ActiveCfg = Release|Any CPU
		{EF0E667F-295E-4B40-B45C-A793220D4375}.Release|Any CPU.Build.0 = Release|Any CPU
		{697AA458-3F70-4ED7-9DDC-BF75357FDF04}.Debug|Any CPU.ActiveCfg = Debug|Any CPU
		{697AA458-3F70-4ED7-9DDC-BF75357FDF04}.Debug|Any CPU.Build.0 = Debug|Any CPU
		{697AA458-3F70-4ED7-9DDC-BF75357FDF04}.Release|Any CPU.ActiveCfg = Release|Any CPU
		{697AA458-3F70-4ED7-9DDC-BF75357FDF04}.Release|Any CPU.Build.0 = Release|Any CPU
		{6EC0334C-C704-4265-A2E2-29A21FD1C6D3}.Debug|Any CPU.ActiveCfg = Debug|Any CPU
		{6EC0334C-C704-4265-A2E2-29A21FD1C6D3}.Debug|Any CPU.Build.0 = Debug|Any CPU
		{6EC0334C-C704-4265-A2E2-29A21FD1C6D3}.Release|Any CPU.ActiveCfg = Release|Any CPU
		{6EC0334C-C704-4265-A2E2-29A21FD1C6D3}.Release|Any CPU.Build.0 = Release|Any CPU
		{3566DE6E-08C0-4267-8ADC-4A68EC1A2C49}.Debug|Any CPU.ActiveCfg = Debug|Any CPU
		{3566DE6E-08C0-4267-8ADC-4A68EC1A2C49}.Debug|Any CPU.Build.0 = Debug|Any CPU
		{3566DE6E-08C0-4267-8ADC-4A68EC1A2C49}.Release|Any CPU.ActiveCfg = Release|Any CPU
		{3566DE6E-08C0-4267-8ADC-4A68EC1A2C49}.Release|Any CPU.Build.0 = Release|Any CPU
	EndGlobalSection
	GlobalSection(SolutionProperties) = preSolution
		HideSolutionNode = FALSE
	EndGlobalSection
	GlobalSection(ExtensibilityGlobals) = postSolution
		SolutionGuid = {77D54886-E6C9-4B89-B148-E80CCA03CBD8}
	EndGlobalSection
EndGlobal
